
Microsoft Visual Studio Solution File, Format Version 12.00
# Visual Studio Version 16
VisualStudioVersion = 16.0.32428.217
MinimumVisualStudioVersion = 10.0.40219.1
Project("{9A19103F-16F7-4668-BE54-9A1E7A4F7556}") = "Sample-api-users", "Sample-api-users.csproj", "{AAACA842-4334-49CF-AE9C-F5069EE5EA44}"
EndProject
Global
	GlobalSection(SolutionConfigurationPlatforms) = preSolution
		Debug|Any CPU = Debug|Any CPU
		Release|Any CPU = Release|Any CPU
	EndGlobalSection
	GlobalSection(ProjectConfigurationPlatforms) = postSolution
		{AAACA842-4334-49CF-AE9C-F5069EE5EA44}.Debug|Any CPU.ActiveCfg = Debug|Any CPU
		{AAACA842-4334-49CF-AE9C-F5069EE5EA44}.Debug|Any CPU.Build.0 = Debug|Any CPU
		{AAACA842-4334-49CF-AE9C-F5069EE5EA44}.Release|Any CPU.ActiveCfg = Release|Any CPU
		{AAACA842-4334-49CF-AE9C-F5069EE5EA44}.Release|Any CPU.Build.0 = Release|Any CPU
	EndGlobalSection
	GlobalSection(SolutionProperties) = preSolution
		HideSolutionNode = FALSE
	EndGlobalSection
	GlobalSection(ExtensibilityGlobals) = postSolution
		SolutionGuid = {F7E7A16C-A038-41E4-935C-C910CCC9013D}
	EndGlobalSection
EndGlobal
